
Microsoft Visual Studio Solution File, Format Version 12.00
# Visual Studio Version 17
VisualStudioVersion = 17.1.32407.343
MinimumVisualStudioVersion = 10.0.40219.1
Project("{FAE04EC0-301F-11D3-BF4B-00C04F79EFBC}") = "SharableSpreadSheet", "SharableSpreadSheet.csproj", "{AD50A242-2FD7-4942-81FF-8227D8A87919}"
EndProject
Global
	GlobalSection(SolutionConfigurationPlatforms) = preSolution
		Debug|Any CPU = Debug|Any CPU
		Release|Any CPU = Release|Any CPU
	EndGlobalSection
	GlobalSection(ProjectConfigurationPlatforms) = postSolution
		{AD50A242-2FD7-4942-81FF-8227D8A87919}.Debug|Any CPU.ActiveCfg = Debug|Any CPU
		{AD50A242-2FD7-4942-81FF-8227D8A87919}.Debug|Any CPU.Build.0 = Debug|Any CPU
		{AD50A242-2FD7-4942-81FF-8227D8A87919}.Release|Any CPU.ActiveCfg = Release|Any CPU
		{AD50A242-2FD7-4942-81FF-8227D8A87919}.Release|Any CPU.Build.0 = Release|Any CPU
	EndGlobalSection
	GlobalSection(SolutionProperties) = preSolution
		HideSolutionNode = FALSE
	EndGlobalSection
	GlobalSection(ExtensibilityGlobals) = postSolution
		SolutionGuid = {D3C7A895-C5AC-4AB9-BFAE-FBCAA80703F7}
	EndGlobalSection
EndGlobal
